
Microsoft Visual Studio Solution File, Format Version 12.00
# Visual Studio Version 16
VisualStudioVersion = 16.0.29806.167
MinimumVisualStudioVersion = 10.0.40219.1
Project("{9A19103F-16F7-4668-BE54-9A1E7A4F7556}") = "OpenDEVCore.OTP", "OpenDevCore.OTP\OpenDEVCore.OTP.csproj", "{D0C8997C-1C60-4D3E-BA21-7F409A730DB3}"
EndProject
Global
	GlobalSection(SolutionConfigurationPlatforms) = preSolution
		Debug|Any CPU = Debug|Any CPU
		Release|Any CPU = Release|Any CPU
	EndGlobalSection
	GlobalSection(ProjectConfigurationPlatforms) = postSolution
		{D0C8997C-1C60-4D3E-BA21-7F409A730DB3}.Debug|Any CPU.ActiveCfg = Debug|Any CPU
		{D0C8997C-1C60-4D3E-BA21-7F409A730DB3}.Debug|Any CPU.Build.0 = Debug|Any CPU
		{D0C8997C-1C60-4D3E-BA21-7F409A730DB3}.Release|Any CPU.ActiveCfg = Release|Any CPU
		{D0C8997C-1C60-4D3E-BA21-7F409A730DB3}.Release|Any CPU.Build.0 = Release|Any CPU
	EndGlobalSection
	GlobalSection(SolutionProperties) = preSolution
		HideSolutionNode = FALSE
	EndGlobalSection
	GlobalSection(ExtensibilityGlobals) = postSolution
		SolutionGuid = {ED1E8ED5-A060-4DFD-880E-3B9D72A227BA}
	EndGlobalSection
EndGlobal
